// !$*UTF8*$!
{
	archiveVersion = 1;
	classes = {
	};
	objectVersion = 50;
	objects = {

/* Begin PBXBuildFile section */
		0917931E2329344C00249B8F /* samplePDF.pdf in Resources */ = {isa = PBXBuildFile; fileRef = 0917931D2329344C00249B8F /* samplePDF.pdf */; };
		091793202329347500249B8F /* sampleDoc.doc in Resources */ = {isa = PBXBuildFile; fileRef = 0917931F2329347500249B8F /* sampleDoc.doc */; };
		09179323232934B600249B8F /* sampleImage.png in Resources */ = {isa = PBXBuildFile; fileRef = 09179322232934B600249B8F /* sampleImage.png */; };
		09C1F9512328E2A30061C759 /* AppDelegate.swift in Sources */ = {isa = PBXBuildFile; fileRef = 09C1F9502328E2A30061C759 /* AppDelegate.swift */; };
		09C1F9532328E2A30061C759 /* ViewController.swift in Sources */ = {isa = PBXBuildFile; fileRef = 09C1F9522328E2A30061C759 /* ViewController.swift */; };
		09C1F9562328E2A30061C759 /* Main.storyboard in Resources */ = {isa = PBXBuildFile; fileRef = 09C1F9542328E2A30061C759 /* Main.storyboard */; };
		09C1F9582328E2A40061C759 /* Assets.xcassets in Resources */ = {isa = PBXBuildFile; fileRef = 09C1F9572328E2A40061C759 /* Assets.xcassets */; };
		09C1F95B2328E2A40061C759 /* LaunchScreen.storyboard in Resources */ = {isa = PBXBuildFile; fileRef = 09C1F9592328E2A40061C759 /* LaunchScreen.storyboard */; };
		09C1F96A2328E37C0061C759 /* ReuasbleCollectionDelegate.swift in Sources */ = {isa = PBXBuildFile; fileRef = 09C1F9692328E37C0061C759 /* ReuasbleCollectionDelegate.swift */; };
		09C1F96E2328E6BB0061C759 /* CustomCollectionViewCell.swift in Sources */ = {isa = PBXBuildFile; fileRef = 09C1F96C2328E6BB0061C759 /* CustomCollectionViewCell.swift */; };
		09C1F971232917360061C759 /* CustomCollectionViewCell.xib in Resources */ = {isa = PBXBuildFile; fileRef = 09C1F970232917360061C759 /* CustomCollectionViewCell.xib */; };
		09C1F97323291AE20061C759 /* ReuseCollectionViewFlowLayout.swift in Sources */ = {isa = PBXBuildFile; fileRef = 09C1F97223291AE20061C759 /* ReuseCollectionViewFlowLayout.swift */; };
		09C1F977232924250061C759 /* sampleVideoLocal.mp4 in Resources */ = {isa = PBXBuildFile; fileRef = 09C1F976232924250061C759 /* sampleVideoLocal.mp4 */; };
		09C1F97A232925270061C759 /* ReusableClass.swift in Sources */ = {isa = PBXBuildFile; fileRef = 09C1F979232925270061C759 /* ReusableClass.swift */; };
		09C1F97C232925A70061C759 /* PlayViewController.swift in Sources */ = {isa = PBXBuildFile; fileRef = 09C1F97B232925A70061C759 /* PlayViewController.swift */; };
		09C1F97F2329280C0061C759 /* SingletoneClass.swift in Sources */ = {isa = PBXBuildFile; fileRef = 09C1F97E2329280C0061C759 /* SingletoneClass.swift */; };
/* End PBXBuildFile section */

/* Begin PBXFileReference section */
		0917931D2329344C00249B8F /* samplePDF.pdf */ = {isa = PBXFileReference; lastKnownFileType = image.pdf; path = samplePDF.pdf; sourceTree = "<group>"; };
		0917931F2329347500249B8F /* sampleDoc.doc */ = {isa = PBXFileReference; lastKnownFileType = file; path = sampleDoc.doc; sourceTree = "<group>"; };
		09179322232934B600249B8F /* sampleImage.png */ = {isa = PBXFileReference; lastKnownFileType = image.png; path = sampleImage.png; sourceTree = "<group>"; };
		09C1F94D2328E2A30061C759 /* MediaAppWithRotation.app */ = {isa = PBXFileReference; explicitFileType = wrapper.application; includeInIndex = 0; path = MediaAppWithRotation.app; sourceTree = BUILT_PRODUCTS_DIR; };
		09C1F9502328E2A30061C759 /* AppDelegate.swift */ = {isa = PBXFileReference; lastKnownFileType = sourcecode.swift; path = AppDelegate.swift; sourceTree = "<group>"; };
		09C1F9522328E2A30061C759 /* ViewController.swift */ = {isa = PBXFileReference; lastKnownFileType = sourcecode.swift; path = ViewController.swift; sourceTree = "<group>"; };
		09C1F9552328E2A30061C759 /* Base */ = {isa = PBXFileReference; lastKnownFileType = file.storyboard; name = Base; path = Base.lproj/Main.storyboard; sourceTree = "<group>"; };
		09C1F9572328E2A40061C759 /* Assets.xcassets */ = {isa = PBXFileReference; lastKnownFileType = folder.assetcatalog; path = Assets.xcassets; sourceTree = "<group>"; };
		09C1F95A2328E2A40061C759 /* Base */ = {isa = PBXFileReference; lastKnownFileType = file.storyboard; name = Base; path = Base.lproj/LaunchScreen.storyboard; sourceTree = "<group>"; };
		09C1F95C2328E2A40061C759 /* Info.plist */ = {isa = PBXFileReference; lastKnownFileType = text.plist.xml; path = Info.plist; sourceTree = "<group>"; };
		09C1F9692328E37C0061C759 /* ReuasbleCollectionDelegate.swift */ = {isa = PBXFileReference; lastKnownFileType = sourcecode.swift; path = ReuasbleCollectionDelegate.swift; sourceTree = "<group>"; };
		09C1F96C2328E6BB0061C759 /* CustomCollectionViewCell.swift */ = {isa = PBXFileReference; lastKnownFileType = sourcecode.swift; path = CustomCollectionViewCell.swift; sourceTree = "<group>"; };
		09C1F970232917360061C759 /* CustomCollectionViewCell.xib */ = {isa = PBXFileReference; fileEncoding = 4; lastKnownFileType = file.xib; path = CustomCollectionViewCell.xib; sourceTree = "<group>"; };
		09C1F97223291AE20061C759 /* ReuseCollectionViewFlowLayout.swift */ = {isa = PBXFileReference; lastKnownFileType = sourcecode.swift; path = ReuseCollectionViewFlowLayout.swift; sourceTree = "<group>"; };
		09C1F976232924250061C759 /* sampleVideoLocal.mp4 */ = {isa = PBXFileReference; lastKnownFileType = file; path = sampleVideoLocal.mp4; sourceTree = "<group>"; };
		09C1F979232925270061C759 /* ReusableClass.swift */ = {isa = PBXFileReference; lastKnownFileType = sourcecode.swift; path = ReusableClass.swift; sourceTree = "<group>"; };
		09C1F97B232925A70061C759 /* PlayViewController.swift */ = {isa = PBXFileReference; lastKnownFileType = sourcecode.swift; path = PlayViewController.swift; sourceTree = "<group>"; };
		09C1F97E2329280C0061C759 /* SingletoneClass.swift */ = {isa = PBXFileReference; lastKnownFileType = sourcecode.swift; path = SingletoneClass.swift; sourceTree = "<group>"; };
/* End PBXFileReference section */

/* Begin PBXFrameworksBuildPhase section */
		09C1F94A2328E2A30061C759 /* Frameworks */ = {
			isa = PBXFrameworksBuildPhase;
			buildActionMask = 2147483647;
			files = (
			);
			runOnlyForDeploymentPostprocessing = 0;
		};
/* End PBXFrameworksBuildPhase section */

/* Begin PBXGroup section */
		091793212329348000249B8F /* SampleData */ = {
			isa = PBXGroup;
			children = (
				09179322232934B600249B8F /* sampleImage.png */,
				0917931F2329347500249B8F /* sampleDoc.doc */,
				0917931D2329344C00249B8F /* samplePDF.pdf */,
				09C1F976232924250061C759 /* sampleVideoLocal.mp4 */,
			);
			path = SampleData;
			sourceTree = "<group>";
		};
		09C1F9442328E2A30061C759 = {
			isa = PBXGroup;
			children = (
				091793212329348000249B8F /* SampleData */,
				09C1F94F2328E2A30061C759 /* MediaAppWithRotation */,
				09C1F94E2328E2A30061C759 /* Products */,
			);
			sourceTree = "<group>";
		};
		09C1F94E2328E2A30061C759 /* Products */ = {
			isa = PBXGroup;
			children = (
				09C1F94D2328E2A30061C759 /* MediaAppWithRotation.app */,
			);
			name = Products;
			sourceTree = "<group>";
		};
		09C1F94F2328E2A30061C759 /* MediaAppWithRotation */ = {
			isa = PBXGroup;
			children = (
				09C1F9662328E2FC0061C759 /* AppDelegate */,
				09C1F9652328E2CB0061C759 /* ViewModel */,
				09C1F9642328E2C00061C759 /* Viewcontroller */,
				09C1F9632328E2BA0061C759 /* View */,
				09C1F9622328E2B20061C759 /* Model */,
				09C1F9572328E2A40061C759 /* Assets.xcassets */,
				09C1F95C2328E2A40061C759 /* Info.plist */,
			);
			path = MediaAppWithRotation;
			sourceTree = "<group>";
		};
		09C1F9622328E2B20061C759 /* Model */ = {
			isa = PBXGroup;
			children = (
			);
			path = Model;
			sourceTree = "<group>";
		};
		09C1F9632328E2BA0061C759 /* View */ = {
			isa = PBXGroup;
			children = (
				09C1F96B2328E69A0061C759 /* XIB */,
				09C1F9672328E30C0061C759 /* Storyboard */,
			);
			path = View;
			sourceTree = "<group>";
		};
		09C1F9642328E2C00061C759 /* Viewcontroller */ = {
			isa = PBXGroup;
			children = (
				09C1F9522328E2A30061C759 /* ViewController.swift */,
				09C1F97B232925A70061C759 /* PlayViewController.swift */,
			);
			path = Viewcontroller;
			sourceTree = "<group>";
		};
		09C1F9652328E2CB0061C759 /* ViewModel */ = {
			isa = PBXGroup;
			children = (
				09C1F97D232927F70061C759 /* SingletoneClass */,
				09C1F9782329250E0061C759 /* ReusableClass */,
				09C1F9682328E34E0061C759 /* ReuasbleCollectionDelegate */,
			);
			path = ViewModel;
			sourceTree = "<group>";
		};
		09C1F9662328E2FC0061C759 /* AppDelegate */ = {
			isa = PBXGroup;
			children = (
				09C1F9502328E2A30061C759 /* AppDelegate.swift */,
			);
			path = AppDelegate;
			sourceTree = "<group>";
		};
		09C1F9672328E30C0061C759 /* Storyboard */ = {
			isa = PBXGroup;
			children = (
				09C1F9542328E2A30061C759 /* Main.storyboard */,
				09C1F9592328E2A40061C759 /* LaunchScreen.storyboard */,
			);
			path = Storyboard;
			sourceTree = "<group>";
		};
		09C1F9682328E34E0061C759 /* ReuasbleCollectionDelegate */ = {
			isa = PBXGroup;
			children = (
				09C1F9692328E37C0061C759 /* ReuasbleCollectionDelegate.swift */,
				09C1F97223291AE20061C759 /* ReuseCollectionViewFlowLayout.swift */,
			);
			path = ReuasbleCollectionDelegate;
			sourceTree = "<group>";
		};
		09C1F96B2328E69A0061C759 /* XIB */ = {
			isa = PBXGroup;
			children = (
				09C1F96C2328E6BB0061C759 /* CustomCollectionViewCell.swift */,
				09C1F970232917360061C759 /* CustomCollectionViewCell.xib */,
			);
			path = XIB;
			sourceTree = "<group>";
		};
		09C1F9782329250E0061C759 /* ReusableClass */ = {
			isa = PBXGroup;
			children = (
				09C1F979232925270061C759 /* ReusableClass.swift */,
			);
			path = ReusableClass;
			sourceTree = "<group>";
		};
		09C1F97D232927F70061C759 /* SingletoneClass */ = {
			isa = PBXGroup;
			children = (
				09C1F97E2329280C0061C759 /* SingletoneClass.swift */,
			);
			path = SingletoneClass;
			sourceTree = "<group>";
		};
/* End PBXGroup section */

/* Begin PBXNativeTarget section */
		09C1F94C2328E2A30061C759 /* MediaAppWithRotation */ = {
			isa = PBXNativeTarget;
			buildConfigurationList = 09C1F95F2328E2A40061C759 /* Build configuration list for PBXNativeTarget "MediaAppWithRotation" */;
			buildPhases = (
				09C1F9492328E2A30061C759 /* Sources */,
				09C1F94A2328E2A30061C759 /* Frameworks */,
				09C1F94B2328E2A30061C759 /* Resources */,
			);
			buildRules = (
			);
			dependencies = (
			);
			name = MediaAppWithRotation;
			productName = MediaAppWithRotation;
			productReference = 09C1F94D2328E2A30061C759 /* MediaAppWithRotation.app */;
			productType = "com.apple.product-type.application";
		};
/* End PBXNativeTarget section */

/* Begin PBXProject section */
		09C1F9452328E2A30061C759 /* Project object */ = {
			isa = PBXProject;
			attributes = {
				LastSwiftUpdateCheck = 1010;
				LastUpgradeCheck = 1010;
				ORGANIZATIONNAME = "Khusboo Suhasini Preety";
				TargetAttributes = {
					09C1F94C2328E2A30061C759 = {
						CreatedOnToolsVersion = 10.1;
					};
				};
			};
			buildConfigurationList = 09C1F9482328E2A30061C759 /* Build configuration list for PBXProject "MediaAppWithRotation" */;
			compatibilityVersion = "Xcode 9.3";
			developmentRegion = en;
			hasScannedForEncodings = 0;
			knownRegions = (
				en,
				Base,
			);
			mainGroup = 09C1F9442328E2A30061C759;
			productRefGroup = 09C1F94E2328E2A30061C759 /* Products */;
			projectDirPath = "";
			projectRoot = "";
			targets = (
				09C1F94C2328E2A30061C759 /* MediaAppWithRotation */,
			);
		};
/* End PBXProject section */

/* Begin PBXResourcesBuildPhase section */
		09C1F94B2328E2A30061C759 /* Resources */ = {
			isa = PBXResourcesBuildPhase;
			buildActionMask = 2147483647;
			files = (
				09179323232934B600249B8F /* sampleImage.png in Resources */,
				091793202329347500249B8F /* sampleDoc.doc in Resources */,
				0917931E2329344C00249B8F /* samplePDF.pdf in Resources */,
				09C1F977232924250061C759 /* sampleVideoLocal.mp4 in Resources */,
				09C1F95B2328E2A40061C759 /* LaunchScreen.storyboard in Resources */,
				09C1F9582328E2A40061C759 /* Assets.xcassets in Resources */,
				09C1F9562328E2A30061C759 /* Main.storyboard in Resources */,
				09C1F971232917360061C759 /* CustomCollectionViewCell.xib in Resources */,
			);
			runOnlyForDeploymentPostprocessing = 0;
		};
/* End PBXResourcesBuildPhase section */

/* Begin PBXSourcesBuildPhase section */
		09C1F9492328E2A30061C759 /* Sources */ = {
			isa = PBXSourcesBuildPhase;
			buildActionMask = 2147483647;
			files = (
				09C1F9532328E2A30061C759 /* ViewController.swift in Sources */,
				09C1F97A232925270061C759 /* ReusableClass.swift in Sources */,
				09C1F96A2328E37C0061C759 /* ReuasbleCollectionDelegate.swift in Sources */,
				09C1F9512328E2A30061C759 /* AppDelegate.swift in Sources */,
				09C1F96E2328E6BB0061C759 /* CustomCollectionViewCell.swift in Sources */,
				09C1F97C232925A70061C759 /* PlayViewController.swift in Sources */,
				09C1F97F2329280C0061C759 /* SingletoneClass.swift in Sources */,
				09C1F97323291AE20061C759 /* ReuseCollectionViewFlowLayout.swift in Sources */,
			);
			runOnlyForDeploymentPostprocessing = 0;
		};
/* End PBXSourcesBuildPhase section */

/* Begin PBXVariantGroup section */
		09C1F9542328E2A30061C759 /* Main.storyboard */ = {
			isa = PBXVariantGroup;
			children = (
				09C1F9552328E2A30061C759 /* Base */,
			);
			name = Main.storyboard;
			sourceTree = "<group>";
		};
		09C1F9592328E2A40061C759 /* LaunchScreen.storyboard */ = {
			isa = PBXVariantGroup;
			children = (
				09C1F95A2328E2A40061C759 /* Base */,
			);
			name = LaunchScreen.storyboard;
			sourceTree = "<group>";
		};
/* End PBXVariantGroup section */

/* Begin XCBuildConfiguration section */
		09C1F95D2328E2A40061C759 /* Debug */ = {
			isa = XCBuildConfiguration;
			buildSettings = {
				ALWAYS_SEARCH_USER_PATHS = NO;
				CLANG_ANALYZER_NONNULL = YES;
				CLANG_ANALYZER_NUMBER_OBJECT_CONVERSION = YES_AGGRESSIVE;
				CLANG_CXX_LANGUAGE_STANDARD = "gnu++14";
				CLANG_CXX_LIBRARY = "libc++";
				CLANG_ENABLE_MODULES = YES;
				CLANG_ENABLE_OBJC_ARC = YES;
				CLANG_ENABLE_OBJC_WEAK = YES;
				CLANG_WARN_BLOCK_CAPTURE_AUTORELEASING = YES;
				CLANG_WARN_BOOL_CONVERSION = YES;
				CLANG_WARN_COMMA = YES;
				CLANG_WARN_CONSTANT_CONVERSION = YES;
				CLANG_WARN_DEPRECATED_OBJC_IMPLEMENTATIONS = YES;
				CLANG_WARN_DIRECT_OBJC_ISA_USAGE = YES_ERROR;
				CLANG_WARN_DOCUMENTATION_COMMENTS = YES;
				CLANG_WARN_EMPTY_BODY = YES;
				CLANG_WARN_ENUM_CONVERSION = YES;
				CLANG_WARN_INFINITE_RECURSION = YES;
				CLANG_WARN_INT_CONVERSION = YES;
				CLANG_WARN_NON_LITERAL_NULL_CONVERSION = YES;
				CLANG_WARN_OBJC_IMPLICIT_RETAIN_SELF = YES;
				CLANG_WARN_OBJC_LITERAL_CONVERSION = YES;
				CLANG_WARN_OBJC_ROOT_CLASS = YES_ERROR;
				CLANG_WARN_RANGE_LOOP_ANALYSIS = YES;
				CLANG_WARN_STRICT_PROTOTYPES = YES;
				CLANG_WARN_SUSPICIOUS_MOVE = YES;
				CLANG_WARN_UNGUARDED_AVAILABILITY = YES_AGGRESSIVE;
				CLANG_WARN_UNREACHABLE_CODE = YES;
				CLANG_WARN__DUPLICATE_METHOD_MATCH = YES;
				CODE_SIGN_IDENTITY = "iPhone Developer";
				COPY_PHASE_STRIP = NO;
				DEBUG_INFORMATION_FORMAT = dwarf;
				ENABLE_STRICT_OBJC_MSGSEND = YES;
				ENABLE_TESTABILITY = YES;
				GCC_C_LANGUAGE_STANDARD = gnu11;
				GCC_DYNAMIC_NO_PIC = NO;
				GCC_NO_COMMON_BLOCKS = YES;
				GCC_OPTIMIZATION_LEVEL = 0;
				GCC_PREPROCESSOR_DEFINITIONS = (
					"DEBUG=1",
					"$(inherited)",
				);
				GCC_WARN_64_TO_32_BIT_CONVERSION = YES;
				GCC_WARN_ABOUT_RETURN_TYPE = YES_ERROR;
				GCC_WARN_UNDECLARED_SELECTOR = YES;
				GCC_WARN_UNINITIALIZED_AUTOS = YES_AGGRESSIVE;
				GCC_WARN_UNUSED_FUNCTION = YES;
				GCC_WARN_UNUSED_VARIABLE = YES;
				IPHONEOS_DEPLOYMENT_TARGET = 12.1;
				MTL_ENABLE_DEBUG_INFO = INCLUDE_SOURCE;
				MTL_FAST_MATH = YES;
				ONLY_ACTIVE_ARCH = YES;
				SDKROOT = iphoneos;
				SWIFT_ACTIVE_COMPILATION_CONDITIONS = DEBUG;
				SWIFT_OPTIMIZATION_LEVEL = "-Onone";
			};
			name = Debug;
		};
		09C1F95E2328E2A40061C759 /* Release */ = {
			isa = XCBuildConfiguration;
			buildSettings = {
				ALWAYS_SEARCH_USER_PATHS = NO;
				CLANG_ANALYZER_NONNULL = YES;
				CLANG_ANALYZER_NUMBER_OBJECT_CONVERSION = YES_AGGRESSIVE;
				CLANG_CXX_LANGUAGE_STANDARD = "gnu++14";
				CLANG_CXX_LIBRARY = "libc++";
				CLANG_ENABLE_MODULES = YES;
				CLANG_ENABLE_OBJC_ARC = YES;
				CLANG_ENABLE_OBJC_WEAK = YES;
				CLANG_WARN_BLOCK_CAPTURE_AUTORELEASING = YES;
				CLANG_WARN_BOOL_CONVERSION = YES;
				CLANG_WARN_COMMA = YES;
				CLANG_WARN_CONSTANT_CONVERSION = YES;
				CLANG_WARN_DEPRECATED_OBJC_IMPLEMENTATIONS = YES;
				CLANG_WARN_DIRECT_OBJC_ISA_USAGE = YES_ERROR;
				CLANG_WARN_DOCUMENTATION_COMMENTS = YES;
				CLANG_WARN_EMPTY_BODY = YES;
				CLANG_WARN_ENUM_CONVERSION = YES;
				CLANG_WARN_INFINITE_RECURSION = YES;
				CLANG_WARN_INT_CONVERSION = YES;
				CLANG_WARN_NON_LITERAL_NULL_CONVERSION = YES;
				CLANG_WARN_OBJC_IMPLICIT_RETAIN_SELF = YES;
				CLANG_WARN_OBJC_LITERAL_CONVERSION = YES;
				CLANG_WARN_OBJC_ROOT_CLASS = YES_ERROR;
				CLANG_WARN_RANGE_LOOP_ANALYSIS = YES;
				CLANG_WARN_STRICT_PROTOTYPES = YES;
				CLANG_WARN_SUSPICIOUS_MOVE = YES;
				CLANG_WARN_UNGUARDED_AVAILABILITY = YES_AGGRESSIVE;
				CLANG_WARN_UNREACHABLE_CODE = YES;
				CLANG_WARN__DUPLICATE_METHOD_MATCH = YES;
				CODE_SIGN_IDENTITY = "iPhone Developer";
				COPY_PHASE_STRIP = NO;
				DEBUG_INFORMATION_FORMAT = "dwarf-with-dsym";
				ENABLE_NS_ASSERTIONS = NO;
				ENABLE_STRICT_OBJC_MSGSEND = YES;
				GCC_C_LANGUAGE_STANDARD = gnu11;
				GCC_NO_COMMON_BLOCKS = YES;
				GCC_WARN_64_TO_32_BIT_CONVERSION = YES;
				GCC_WARN_ABOUT_RETURN_TYPE = YES_ERROR;
				GCC_WARN_UNDECLARED_SELECTOR = YES;
				GCC_WARN_UNINITIALIZED_AUTOS = YES_AGGRESSIVE;
				GCC_WARN_UNUSED_FUNCTION = YES;
				GCC_WARN_UNUSED_VARIABLE = YES;
				IPHONEOS_DEPLOYMENT_TARGET = 12.1;
				MTL_ENABLE_DEBUG_INFO = NO;
				MTL_FAST_MATH = YES;
				SDKROOT = iphoneos;
				SWIFT_COMPILATION_MODE = wholemodule;
				SWIFT_OPTIMIZATION_LEVEL = "-O";
				VALIDATE_PRODUCT = YES;
			};
			name = Release;
		};
		09C1F9602328E2A40061C759 /* Debug */ = {
			isa = XCBuildConfiguration;
			buildSettings = {
				ASSETCATALOG_COMPILER_APPICON_NAME = AppIcon;
				CODE_SIGN_STYLE = Manual;
				DEVELOPMENT_TEAM = "";
				INFOPLIST_FILE = MediaAppWithRotation/Info.plist;
				LD_RUNPATH_SEARCH_PATHS = (
					"$(inherited)",
					"@executable_path/Frameworks",
				);
				PRODUCT_BUNDLE_IDENTIFIER = KSOrganization.MediaAppWithRotation;
				PRODUCT_NAME = "$(TARGET_NAME)";
				PROVISIONING_PROFILE_SPECIFIER = "";
				SWIFT_VERSION = 4.2;
				TARGETED_DEVICE_FAMILY = "1,2";
			};
			name = Debug;
		};
		09C1F9612328E2A40061C759 /* Release */ = {
			isa = XCBuildConfiguration;
			buildSettings = {
				ASSETCATALOG_COMPILER_APPICON_NAME = AppIcon;
				CODE_SIGN_STYLE = Manual;
				DEVELOPMENT_TEAM = "";
				INFOPLIST_FILE = MediaAppWithRotation/Info.plist;
				LD_RUNPATH_SEARCH_PATHS = (
					"$(inherited)",
					"@executable_path/Frameworks",
				);
				PRODUCT_BUNDLE_IDENTIFIER = KSOrganization.MediaAppWithRotation;
				PRODUCT_NAME = "$(TARGET_NAME)";
				PROVISIONING_PROFILE_SPECIFIER = "";
				SWIFT_VERSION = 4.2;
				TARGETED_DEVICE_FAMILY = "1,2";
			};
			name = Release;
		};
/* End XCBuildConfiguration section */

/* Begin XCConfigurationList section */
		09C1F9482328E2A30061C759 /* Build configuration list for PBXProject "MediaAppWithRotation" */ = {
			isa = XCConfigurationList;
			buildConfigurations = (
				09C1F95D2328E2A40061C759 /* Debug */,
				09C1F95E2328E2A40061C759 /* Release */,
			);
			defaultConfigurationIsVisible = 0;
			defaultConfigurationName = Release;
		};
		09C1F95F2328E2A40061C759 /* Build configuration list for PBXNativeTarget "MediaAppWithRotation" */ = {
			isa = XCConfigurationList;
			buildConfigurations = (
				09C1F9602328E2A40061C759 /* Debug */,
				09C1F9612328E2A40061C759 /* Release */,
			);
			defaultConfigurationIsVisible = 0;
			defaultConfigurationName = Release;
		};
/* End XCConfigurationList section */
	};
	rootObject = 09C1F9452328E2A30061C759 /* Project object */;
}
